Microsoft Visual Studio Solution File, Format Version 12.00
# Visual Studio Version 17
VisualStudioVersion = 17.5.2.0
MinimumVisualStudioVersion = 10.0.40219.1
Project("{FAE04EC0-301F-11D3-BF4B-00C04F79EFBC}") = "Ej-2", "Ej-2\Ej-2.csproj", "{BF69194B-CFA3-E68F-60C7-9988C065F259}"
EndProject
Global
	GlobalSection(SolutionConfigurationPlatforms) = preSolution
		Debug|Any CPU = Debug|Any CPU
		Release|Any CPU = Release|Any CPU
	EndGlobalSection
	GlobalSection(ProjectConfigurationPlatforms) = postSolution
		{BF69194B-CFA3-E68F-60C7-9988C065F259}.Debug|Any CPU.ActiveCfg = Debug|Any CPU
		{BF69194B-CFA3-E68F-60C7-9988C065F259}.Debug|Any CPU.Build.0 = Debug|Any CPU
		{BF69194B-CFA3-E68F-60C7-9988C065F259}.Release|Any CPU.ActiveCfg = Release|Any CPU
		{BF69194B-CFA3-E68F-60C7-9988C065F259}.Release|Any CPU.Build.0 = Release|Any CPU
	EndGlobalSection
	GlobalSection(SolutionProperties) = preSolution
		HideSolutionNode = FALSE
	EndGlobalSection
	GlobalSection(ExtensibilityGlobals) = postSolution
		SolutionGuid = {B5947F6D-4A40-42E5-97C8-6346434B0B70}
	EndGlobalSection
EndGlobal
